
Microsoft Visual Studio Solution File, Format Version 12.00
# Visual Studio Version 17
VisualStudioVersion = 17.11.35303.130
MinimumVisualStudioVersion = 10.0.40219.1
Project("{8BC9CEB8-8B4A-11D0-8D11-00A0C91BC942}") = "lab 6.2 rec", "lab 6.2 rec.vcxproj", "{A21F26DB-6F21-4271-8B5D-22B0F4943A47}"
EndProject
Project("{8BC9CEB8-8B4A-11D0-8D11-00A0C91BC942}") = "UnitTest 10", "..\UnitTest 10\UnitTest 10.vcxproj", "{7073CCD5-604C-436D-9372-B249BDD25F0C}"
EndProject
Global
	GlobalSection(SolutionConfigurationPlatforms) = preSolution
		Debug|x64 = Debug|x64
		Debug|x86 = Debug|x86
		Release|x64 = Release|x64
		Release|x86 = Release|x86
	EndGlobalSection
	GlobalSection(ProjectConfigurationPlatforms) = postSolution
		{A21F26DB-6F21-4271-8B5D-22B0F4943A47}.Debug|x64.ActiveCfg = Debug|x64
		{A21F26DB-6F21-4271-8B5D-22B0F4943A47}.Debug|x64.Build.0 = Debug|x64
		{A21F26DB-6F21-4271-8B5D-22B0F4943A47}.Debug|x86.ActiveCfg = Debug|Win32
		{A21F26DB-6F21-4271-8B5D-22B0F4943A47}.Debug|x86.Build.0 = Debug|Win32
		{A21F26DB-6F21-4271-8B5D-22B0F4943A47}.Release|x64.ActiveCfg = Release|x64
		{A21F26DB-6F21-4271-8B5D-22B0F4943A47}.Release|x64.Build.0 = Release|x64
		{A21F26DB-6F21-4271-8B5D-22B0F4943A47}.Release|x86.ActiveCfg = Release|Win32
		{A21F26DB-6F21-4271-8B5D-22B0F4943A47}.Release|x86.Build.0 = Release|Win32
		{7073CCD5-604C-436D-9372-B249BDD25F0C}.Debug|x64.ActiveCfg = Debug|x64
		{7073CCD5-604C-436D-9372-B249BDD25F0C}.Debug|x64.Build.0 = Debug|x64
		{7073CCD5-604C-436D-9372-B249BDD25F0C}.Debug|x86.ActiveCfg = Debug|Win32
		{7073CCD5-604C-436D-9372-B249BDD25F0C}.Debug|x86.Build.0 = Debug|Win32
		{7073CCD5-604C-436D-9372-B249BDD25F0C}.Release|x64.ActiveCfg = Release|x64
		{7073CCD5-604C-436D-9372-B249BDD25F0C}.Release|x64.Build.0 = Release|x64
		{7073CCD5-604C-436D-9372-B249BDD25F0C}.Release|x86.ActiveCfg = Release|Win32
		{7073CCD5-604C-436D-9372-B249BDD25F0C}.Release|x86.Build.0 = Release|Win32
	EndGlobalSection
	GlobalSection(SolutionProperties) = preSolution
		HideSolutionNode = FALSE
	EndGlobalSection
	GlobalSection(ExtensibilityGlobals) = postSolution
		SolutionGuid = {811CD387-10E9-4878-8247-6252F54D9A4C}
	EndGlobalSection
EndGlobal
